
Microsoft Visual Studio Solution File, Format Version 12.00
# Visual Studio Version 16
VisualStudioVersion = 16.0.28803.352
MinimumVisualStudioVersion = 10.0.40219.1
Project("{9A19103F-16F7-4668-BE54-9A1E7A4F7556}") = "LAB_1. Student Information", "LAB_1. Student Information\LAB_1. Student Information.csproj", "{E0AF5CA7-23C6-4E8B-A766-06992DC6817D}"
EndProject
Project("{FAE04EC0-301F-11D3-BF4B-00C04F79EFBC}") = "LAB_2. Passed", "LAB_2. Passed\LAB_2. Passed.csproj", "{49BDD992-6FB1-403C-9D30-0F4947A8B240}"
EndProject
Project("{FAE04EC0-301F-11D3-BF4B-00C04F79EFBC}") = "LAB_3. Passed or Failed", "LAB_3. Passed or Failed\LAB_3. Passed or Failed.csproj", "{79C07632-3816-4207-AB68-A8ED1F6D82BA}"
EndProject
Project("{FAE04EC0-301F-11D3-BF4B-00C04F79EFBC}") = "LAB_4. Back in 30 Minutes", "LAB_4. Back in 30 Minutes\LAB_4. Back in 30 Minutes.csproj", "{05364C86-A704-4884-BC3C-864D90CC13F2}"
EndProject
Project("{FAE04EC0-301F-11D3-BF4B-00C04F79EFBC}") = "LAB_5. Month Printer", "LAB_5. Month Printer\LAB_5. Month Printer.csproj", "{B787CD76-9F2B-4FA7-A2DA-DAB2E0E0D041}"
EndProject
Global
	GlobalSection(SolutionConfigurationPlatforms) = preSolution
		Debug|Any CPU = Debug|Any CPU
		Release|Any CPU = Release|Any CPU
	EndGlobalSection
	GlobalSection(ProjectConfigurationPlatforms) = postSolution
		{E0AF5CA7-23C6-4E8B-A766-06992DC6817D}.Debug|Any CPU.ActiveCfg = Debug|Any CPU
		{E0AF5CA7-23C6-4E8B-A766-06992DC6817D}.Debug|Any CPU.Build.0 = Debug|Any CPU
		{E0AF5CA7-23C6-4E8B-A766-06992DC6817D}.Release|Any CPU.ActiveCfg = Release|Any CPU
		{E0AF5CA7-23C6-4E8B-A766-06992DC6817D}.Release|Any CPU.Build.0 = Release|Any CPU
		{49BDD992-6FB1-403C-9D30-0F4947A8B240}.Debug|Any CPU.ActiveCfg = Debug|Any CPU
		{49BDD992-6FB1-403C-9D30-0F4947A8B240}.Debug|Any CPU.Build.0 = Debug|Any CPU
		{49BDD992-6FB1-403C-9D30-0F4947A8B240}.Release|Any CPU.ActiveCfg = Release|Any CPU
		{49BDD992-6FB1-403C-9D30-0F4947A8B240}.Release|Any CPU.Build.0 = Release|Any CPU
		{79C07632-3816-4207-AB68-A8ED1F6D82BA}.Debug|Any CPU.ActiveCfg = Debug|Any CPU
		{79C07632-3816-4207-AB68-A8ED1F6D82BA}.Debug|Any CPU.Build.0 = Debug|Any CPU
		{79C07632-3816-4207-AB68-A8ED1F6D82BA}.Release|Any CPU.ActiveCfg = Release|Any CPU
		{79C07632-3816-4207-AB68-A8ED1F6D82BA}.Release|Any CPU.Build.0 = Release|Any CPU
		{05364C86-A704-4884-BC3C-864D90CC13F2}.Debug|Any CPU.ActiveCfg = Debug|Any CPU
		{05364C86-A704-4884-BC3C-864D90CC13F2}.Debug|Any CPU.Build.0 = Debug|Any CPU
		{05364C86-A704-4884-BC3C-864D90CC13F2}.Release|Any CPU.ActiveCfg = Release|Any CPU
		{05364C86-A704-4884-BC3C-864D90CC13F2}.Release|Any CPU.Build.0 = Release|Any CPU
		{B787CD76-9F2B-4FA7-A2DA-DAB2E0E0D041}.Debug|Any CPU.ActiveCfg = Debug|Any CPU
		{B787CD76-9F2B-4FA7-A2DA-DAB2E0E0D041}.Debug|Any CPU.Build.0 = Debug|Any CPU
		{B787CD76-9F2B-4FA7-A2DA-DAB2E0E0D041}.Release|Any CPU.ActiveCfg = Release|Any CPU
		{B787CD76-9F2B-4FA7-A2DA-DAB2E0E0D041}.Release|Any CPU.Build.0 = Release|Any CPU
	EndGlobalSection
	GlobalSection(SolutionProperties) = preSolution
		HideSolutionNode = FALSE
	EndGlobalSection
	GlobalSection(ExtensibilityGlobals) = postSolution
		SolutionGuid = {97D74685-2374-40F5-B7C9-50C9CBF96506}
	EndGlobalSection
EndGlobal
