
Microsoft Visual Studio Solution File, Format Version 12.00
# Visual Studio 15
VisualStudioVersion = 15.0.28307.572
MinimumVisualStudioVersion = 10.0.40219.1
Project("{FAE04EC0-301F-11D3-BF4B-00C04F79EFBC}") = "LetterToASCII", "LetterToASCII\LetterToASCII.csproj", "{1892802E-A0C5-4A7C-B7C1-5D920E98806F}"
EndProject
Global
	GlobalSection(SolutionConfigurationPlatforms) = preSolution
		Debug|Any CPU = Debug|Any CPU
		Release|Any CPU = Release|Any CPU
	EndGlobalSection
	GlobalSection(ProjectConfigurationPlatforms) = postSolution
		{1892802E-A0C5-4A7C-B7C1-5D920E98806F}.Debug|Any CPU.ActiveCfg = Debug|Any CPU
		{1892802E-A0C5-4A7C-B7C1-5D920E98806F}.Debug|Any CPU.Build.0 = Debug|Any CPU
		{1892802E-A0C5-4A7C-B7C1-5D920E98806F}.Release|Any CPU.ActiveCfg = Release|Any CPU
		{1892802E-A0C5-4A7C-B7C1-5D920E98806F}.Release|Any CPU.Build.0 = Release|Any CPU
	EndGlobalSection
	GlobalSection(SolutionProperties) = preSolution
		HideSolutionNode = FALSE
	EndGlobalSection
	GlobalSection(ExtensibilityGlobals) = postSolution
		SolutionGuid = {FB007C2F-C0AD-4EA2-AB04-99CB19884579}
	EndGlobalSection
EndGlobal
